
Microsoft Visual Studio Solution File, Format Version 12.00
# Visual Studio 2017
Project("{FAE04EC0-301F-11D3-BF4B-00C04F79EFBC}") = "Storm", "Storm.csproj", "{58171181-FD55-AB1A-673A-9ECD8AC13066}"
EndProject
Global
	GlobalSection(SolutionConfigurationPlatforms) = preSolution
		Debug|Any CPU = Debug|Any CPU
		Release|Any CPU = Release|Any CPU
	EndGlobalSection
	GlobalSection(ProjectConfigurationPlatforms) = postSolution
		{58171181-FD55-AB1A-673A-9ECD8AC13066}.Debug|Any CPU.ActiveCfg = Debug|Any CPU
		{58171181-FD55-AB1A-673A-9ECD8AC13066}.Debug|Any CPU.Build.0 = Debug|Any CPU
		{58171181-FD55-AB1A-673A-9ECD8AC13066}.Release|Any CPU.ActiveCfg = Release|Any CPU
		{58171181-FD55-AB1A-673A-9ECD8AC13066}.Release|Any CPU.Build.0 = Release|Any CPU
	EndGlobalSection
	GlobalSection(SolutionProperties) = preSolution
		HideSolutionNode = FALSE
	EndGlobalSection
EndGlobal
